
Microsoft Visual Studio Solution File, Format Version 12.00
# Visual Studio 15
VisualStudioVersion = 15.0.27130.2003
MinimumVisualStudioVersion = 10.0.40219.1
Project("{FAE04EC0-301F-11D3-BF4B-00C04F79EFBC}") = "MvcCurrencyConverter.Site", "MvcCurrencyConverter.Site\MvcCurrencyConverter.Site.csproj", "{28F5BACA-22E0-4FAC-8403-1178FE69F213}"
EndProject
Project("{FAE04EC0-301F-11D3-BF4B-00C04F79EFBC}") = "MvcCurrencyConverter.Tests", "MvcCurrencyConverter.Tests\MvcCurrencyConverter.Tests.csproj", "{75FAA9A5-3430-4126-91D2-94F8BF33AD45}"
EndProject
Project("{FAE04EC0-301F-11D3-BF4B-00C04F79EFBC}") = "MvcCurrencyConverter.Core", "MvcCurrencyConverter.Core\MvcCurrencyConverter.Core.csproj", "{A6CD61E0-E3DE-493F-8651-09B315176CDE}"
EndProject
Global
	GlobalSection(SolutionConfigurationPlatforms) = preSolution
		Debug|Any CPU = Debug|Any CPU
		Release|Any CPU = Release|Any CPU
	EndGlobalSection
	GlobalSection(ProjectConfigurationPlatforms) = postSolution
		{28F5BACA-22E0-4FAC-8403-1178FE69F213}.Debug|Any CPU.ActiveCfg = Debug|Any CPU
		{28F5BACA-22E0-4FAC-8403-1178FE69F213}.Debug|Any CPU.Build.0 = Debug|Any CPU
		{28F5BACA-22E0-4FAC-8403-1178FE69F213}.Release|Any CPU.ActiveCfg = Release|Any CPU
		{28F5BACA-22E0-4FAC-8403-1178FE69F213}.Release|Any CPU.Build.0 = Release|Any CPU
		{75FAA9A5-3430-4126-91D2-94F8BF33AD45}.Debug|Any CPU.ActiveCfg = Debug|Any CPU
		{75FAA9A5-3430-4126-91D2-94F8BF33AD45}.Debug|Any CPU.Build.0 = Debug|Any CPU
		{75FAA9A5-3430-4126-91D2-94F8BF33AD45}.Release|Any CPU.ActiveCfg = Release|Any CPU
		{75FAA9A5-3430-4126-91D2-94F8BF33AD45}.Release|Any CPU.Build.0 = Release|Any CPU
		{A6CD61E0-E3DE-493F-8651-09B315176CDE}.Debug|Any CPU.ActiveCfg = Debug|Any CPU
		{A6CD61E0-E3DE-493F-8651-09B315176CDE}.Debug|Any CPU.Build.0 = Debug|Any CPU
		{A6CD61E0-E3DE-493F-8651-09B315176CDE}.Release|Any CPU.ActiveCfg = Release|Any CPU
		{A6CD61E0-E3DE-493F-8651-09B315176CDE}.Release|Any CPU.Build.0 = Release|Any CPU
	EndGlobalSection
	GlobalSection(SolutionProperties) = preSolution
		HideSolutionNode = FALSE
	EndGlobalSection
	GlobalSection(ExtensibilityGlobals) = postSolution
		SolutionGuid = {1C653E90-04FB-4191-8A5C-9D7B7C89AD22}
	EndGlobalSection
EndGlobal
